
Microsoft Visual Studio Solution File, Format Version 12.00
# Visual Studio Version 16
VisualStudioVersion = 16.0.30002.166
MinimumVisualStudioVersion = 10.0.40219.1
Project("{FAE04EC0-301F-11D3-BF4B-00C04F79EFBC}") = "Pacman-Remasterd", "Pacman-Remasterd\Pacman-Remasterd.csproj", "{B49AE1F4-8C7A-4C63-B92E-2EDDF0D433F7}"
EndProject
Global
	GlobalSection(SolutionConfigurationPlatforms) = preSolution
		Debug|Any CPU = Debug|Any CPU
		Release|Any CPU = Release|Any CPU
	EndGlobalSection
	GlobalSection(ProjectConfigurationPlatforms) = postSolution
		{B49AE1F4-8C7A-4C63-B92E-2EDDF0D433F7}.Debug|Any CPU.ActiveCfg = Debug|Any CPU
		{B49AE1F4-8C7A-4C63-B92E-2EDDF0D433F7}.Debug|Any CPU.Build.0 = Debug|Any CPU
		{B49AE1F4-8C7A-4C63-B92E-2EDDF0D433F7}.Release|Any CPU.ActiveCfg = Release|Any CPU
		{B49AE1F4-8C7A-4C63-B92E-2EDDF0D433F7}.Release|Any CPU.Build.0 = Release|Any CPU
	EndGlobalSection
	GlobalSection(SolutionProperties) = preSolution
		HideSolutionNode = FALSE
	EndGlobalSection
	GlobalSection(ExtensibilityGlobals) = postSolution
		SolutionGuid = {1BD309DF-1ECE-43B2-9EFC-3688F931CBA3}
	EndGlobalSection
EndGlobal
